// !$*UTF8*$!
{
	archiveVersion = 1;
	classes = {
	};
	objectVersion = 46;
	objects = {

/* Begin PBXBuildFile section */
		4A98E7862F9D63C7AF3194B7 /* Pods_CrashKiller_Example.framework in Frameworks */ = {isa = PBXBuildFile; fileRef = 088063F87C696E1B4C7F2350 /* Pods_CrashKiller_Example.framework */; };
		6003F58E195388D20070C39A /* Foundation.framework in Frameworks */ = {isa = PBXBuildFile; fileRef = 6003F58D195388D20070C39A /* Foundation.framework */; };
		6003F590195388D20070C39A /* CoreGraphics.framework in Frameworks */ = {isa = PBXBuildFile; fileRef = 6003F58F195388D20070C39A /* CoreGraphics.framework */; };
		6003F592195388D20070C39A /* UIKit.framework in Frameworks */ = {isa = PBXBuildFile; fileRef = 6003F591195388D20070C39A /* UIKit.framework */; };
		6003F598195388D20070C39A /* InfoPlist.strings in Resources */ = {isa = PBXBuildFile; fileRef = 6003F596195388D20070C39A /* InfoPlist.strings */; };
		6003F59A195388D20070C39A /* main.m in Sources */ = {isa = PBXBuildFile; fileRef = 6003F599195388D20070C39A /* main.m */; };
		6003F59E195388D20070C39A /* KILLAppDelegate.m in Sources */ = {isa = PBXBuildFile; fileRef = 6003F59D195388D20070C39A /* KILLAppDelegate.m */; };
		6003F5A7195388D20070C39A /* KILLViewController.m in Sources */ = {isa = PBXBuildFile; fileRef = 6003F5A6195388D20070C39A /* KILLViewController.m */; };
		6003F5A9195388D20070C39A /* Images.xcassets in Resources */ = {isa = PBXBuildFile; fileRef = 6003F5A8195388D20070C39A /* Images.xcassets */; };
		6003F5B0195388D20070C39A /* XCTest.framework in Frameworks */ = {isa = PBXBuildFile; fileRef = 6003F5AF195388D20070C39A /* XCTest.framework */; };
		6003F5B1195388D20070C39A /* Foundation.framework in Frameworks */ = {isa = PBXBuildFile; fileRef = 6003F58D195388D20070C39A /* Foundation.framework */; };
		6003F5B2195388D20070C39A /* UIKit.framework in Frameworks */ = {isa = PBXBuildFile; fileRef = 6003F591195388D20070C39A /* UIKit.framework */; };
		6003F5BA195388D20070C39A /* InfoPlist.strings in Resources */ = {isa = PBXBuildFile; fileRef = 6003F5B8195388D20070C39A /* InfoPlist.strings */; };
		6003F5BC195388D20070C39A /* Tests.m in Sources */ = {isa = PBXBuildFile; fileRef = 6003F5BB195388D20070C39A /* Tests.m */; };
		71719F9F1E33DC2100824A3D /* LaunchScreen.storyboard in Resources */ = {isa = PBXBuildFile; fileRef = 71719F9D1E33DC2100824A3D /* LaunchScreen.storyboard */; };
		873B8AEB1B1F5CCA007FD442 /* Main.storyboard in Resources */ = {isa = PBXBuildFile; fileRef = 873B8AEA1B1F5CCA007FD442 /* Main.storyboard */; };
		8E0EFC858E1664A90EFDB88D /* Pods_CrashKiller_Tests.framework in Frameworks */ = {isa = PBXBuildFile; fileRef = 986547F29C1E09F8F4475AAE /* Pods_CrashKiller_Tests.framework */; };
		D06483C42625413B007F0DCC /* TestArrayCrashVC.m in Sources */ = {isa = PBXBuildFile; fileRef = D06483C32625413B007F0DCC /* TestArrayCrashVC.m */; };
		D06483CF26259CF8007F0DCC /* TestStringCrashVC.m in Sources */ = {isa = PBXBuildFile; fileRef = D06483CE26259CF8007F0DCC /* TestStringCrashVC.m */; };
		D092373A2615A89A0094B18F /* CrashObject.m in Sources */ = {isa = PBXBuildFile; fileRef = D09237392615A89A0094B18F /* CrashObject.m */; };
		D092374F2615C9D40094B18F /* MOPerson.m in Sources */ = {isa = PBXBuildFile; fileRef = D092374E2615C9D40094B18F /* MOPerson.m */; };
		D09237612616C1700094B18F /* TestTimerCrashVC.m in Sources */ = {isa = PBXBuildFile; fileRef = D09237602616C1700094B18F /* TestTimerCrashVC.m */; };
		D092376C2616FE480094B18F /* TestKVOCrashVC.m in Sources */ = {isa = PBXBuildFile; fileRef = D092376B2616FE480094B18F /* TestKVOCrashVC.m */; };
		D09237742617014B0094B18F /* TestKVCCrashVC.m in Sources */ = {isa = PBXBuildFile; fileRef = D09237732617014B0094B18F /* TestKVCCrashVC.m */; };
		D092377C26170CCD0094B18F /* TestUnrecognizedSelVC.m in Sources */ = {isa = PBXBuildFile; fileRef = D092377B26170CCD0094B18F /* TestUnrecognizedSelVC.m */; };
		D09237FA261713F90094B18F /* TestContainerCrashVC.m in Sources */ = {isa = PBXBuildFile; fileRef = D09237F9261713F90094B18F /* TestContainerCrashVC.m */; };
		D09238012617166E0094B18F /* TestDictionaryCrashVC.m in Sources */ = {isa = PBXBuildFile; fileRef = D09238002617166E0094B18F /* TestDictionaryCrashVC.m */; };
/* End PBXBuildFile section */

/* Begin PBXContainerItemProxy section */
		6003F5B3195388D20070C39A /* PBXContainerItemProxy */ = {
			isa = PBXContainerItemProxy;
			containerPortal = 6003F582195388D10070C39A /* Project object */;
			proxyType = 1;
			remoteGlobalIDString = 6003F589195388D20070C39A;
			remoteInfo = CrashKiller;
		};
/* End PBXContainerItemProxy section */

/* Begin PBXFileReference section */
		088063F87C696E1B4C7F2350 /* Pods_CrashKiller_Example.framework */ = {isa = PBXFileReference; explicitFileType = wrapper.framework; includeInIndex = 0; path = Pods_CrashKiller_Example.framework; sourceTree = BUILT_PRODUCTS_DIR; };
		6003F58A195388D20070C39A /* CrashKiller_Example.app */ = {isa = PBXFileReference; explicitFileType = wrapper.application; includeInIndex = 0; path = CrashKiller_Example.app; sourceTree = BUILT_PRODUCTS_DIR; };
		6003F58D195388D20070C39A /* Foundation.framework */ = {isa = PBXFileReference; lastKnownFileType = wrapper.framework; name = Foundation.framework; path = System/Library/Frameworks/Foundation.framework; sourceTree = SDKROOT; };
		6003F58F195388D20070C39A /* CoreGraphics.framework */ = {isa = PBXFileReference; lastKnownFileType = wrapper.framework; name = CoreGraphics.framework; path = System/Library/Frameworks/CoreGraphics.framework; sourceTree = SDKROOT; };
		6003F591195388D20070C39A /* UIKit.framework */ = {isa = PBXFileReference; lastKnownFileType = wrapper.framework; name = UIKit.framework; path = System/Library/Frameworks/UIKit.framework; sourceTree = SDKROOT; };
		6003F595195388D20070C39A /* CrashKiller-Info.plist */ = {isa = PBXFileReference; lastKnownFileType = text.plist.xml; path = "CrashKiller-Info.plist"; sourceTree = "<group>"; };
		6003F597195388D20070C39A /* en */ = {isa = PBXFileReference; lastKnownFileType = text.plist.strings; name = en; path = en.lproj/InfoPlist.strings; sourceTree = "<group>"; };
		6003F599195388D20070C39A /* main.m */ = {isa = PBXFileReference; lastKnownFileType = sourcecode.c.objc; path = main.m; sourceTree = "<group>"; };
		6003F59B195388D20070C39A /* CrashKiller-Prefix.pch */ = {isa = PBXFileReference; lastKnownFileType = sourcecode.c.h; path = "CrashKiller-Prefix.pch"; sourceTree = "<group>"; };
		6003F59C195388D20070C39A /* KILLAppDelegate.h */ = {isa = PBXFileReference; lastKnownFileType = sourcecode.c.h; path = KILLAppDelegate.h; sourceTree = "<group>"; };
		6003F59D195388D20070C39A /* KILLAppDelegate.m */ = {isa = PBXFileReference; lastKnownFileType = sourcecode.c.objc; path = KILLAppDelegate.m; sourceTree = "<group>"; };
		6003F5A5195388D20070C39A /* KILLViewController.h */ = {isa = PBXFileReference; lastKnownFileType = sourcecode.c.h; path = KILLViewController.h; sourceTree = "<group>"; };
		6003F5A6195388D20070C39A /* KILLViewController.m */ = {isa = PBXFileReference; lastKnownFileType = sourcecode.c.objc; path = KILLViewController.m; sourceTree = "<group>"; };
		6003F5A8195388D20070C39A /* Images.xcassets */ = {isa = PBXFileReference; lastKnownFileType = folder.assetcatalog; path = Images.xcassets; sourceTree = "<group>"; };
		6003F5AE195388D20070C39A /* CrashKiller_Tests.xctest */ = {isa = PBXFileReference; explicitFileType = wrapper.cfbundle; includeInIndex = 0; path = CrashKiller_Tests.xctest; sourceTree = BUILT_PRODUCTS_DIR; };
		6003F5AF195388D20070C39A /* XCTest.framework */ = {isa = PBXFileReference; lastKnownFileType = wrapper.framework; name = XCTest.framework; path = Library/Frameworks/XCTest.framework; sourceTree = DEVELOPER_DIR; };
		6003F5B7195388D20070C39A /* Tests-Info.plist */ = {isa = PBXFileReference; lastKnownFileType = text.plist.xml; path = "Tests-Info.plist"; sourceTree = "<group>"; };
		6003F5B9195388D20070C39A /* en */ = {isa = PBXFileReference; lastKnownFileType = text.plist.strings; name = en; path = en.lproj/InfoPlist.strings; sourceTree = "<group>"; };
		6003F5BB195388D20070C39A /* Tests.m */ = {isa = PBXFileReference; lastKnownFileType = sourcecode.c.objc; path = Tests.m; sourceTree = "<group>"; };
		606FC2411953D9B200FFA9A0 /* Tests-Prefix.pch */ = {isa = PBXFileReference; lastKnownFileType = sourcecode.c.h; path = "Tests-Prefix.pch"; sourceTree = "<group>"; };
		60E8DDC6EBCEE0B5FBCCC75F /* README.md */ = {isa = PBXFileReference; includeInIndex = 1; lastKnownFileType = net.daringfireball.markdown; name = README.md; path = ../README.md; sourceTree = "<group>"; };
		71719F9E1E33DC2100824A3D /* Base */ = {isa = PBXFileReference; lastKnownFileType = file.storyboard; name = Base; path = Base.lproj/LaunchScreen.storyboard; sourceTree = "<group>"; };
		873B8AEA1B1F5CCA007FD442 /* Main.storyboard */ = {isa = PBXFileReference; fileEncoding = 4; lastKnownFileType = file.storyboard; name = Main.storyboard; path = Base.lproj/Main.storyboard; sourceTree = "<group>"; };
		986547F29C1E09F8F4475AAE /* Pods_CrashKiller_Tests.framework */ = {isa = PBXFileReference; explicitFileType = wrapper.framework; includeInIndex = 0; path = Pods_CrashKiller_Tests.framework; sourceTree = BUILT_PRODUCTS_DIR; };
		B51432B38FFF2B475D8792C7 /* Pods-CrashKiller_Example.release.xcconfig */ = {isa = PBXFileReference; includeInIndex = 1; lastKnownFileType = text.xcconfig; name = "Pods-CrashKiller_Example.release.xcconfig"; path = "Target Support Files/Pods-CrashKiller_Example/Pods-CrashKiller_Example.release.xcconfig"; sourceTree = "<group>"; };
		BBB326CC56B3473D91FA9454 /* LICENSE */ = {isa = PBXFileReference; includeInIndex = 1; lastKnownFileType = text; name = LICENSE; path = ../LICENSE; sourceTree = "<group>"; };
		BF7C78F9904A5C78D546AA07 /* Pods-CrashKiller_Example.debug.xcconfig */ = {isa = PBXFileReference; includeInIndex = 1; lastKnownFileType = text.xcconfig; name = "Pods-CrashKiller_Example.debug.xcconfig"; path = "Target Support Files/Pods-CrashKiller_Example/Pods-CrashKiller_Example.debug.xcconfig"; sourceTree = "<group>"; };
		D06483C22625413B007F0DCC /* TestArrayCrashVC.h */ = {isa = PBXFileReference; lastKnownFileType = sourcecode.c.h; path = TestArrayCrashVC.h; sourceTree = "<group>"; };
		D06483C32625413B007F0DCC /* TestArrayCrashVC.m */ = {isa = PBXFileReference; lastKnownFileType = sourcecode.c.objc; path = TestArrayCrashVC.m; sourceTree = "<group>"; };
		D06483CD26259CF8007F0DCC /* TestStringCrashVC.h */ = {isa = PBXFileReference; lastKnownFileType = sourcecode.c.h; path = TestStringCrashVC.h; sourceTree = "<group>"; };
		D06483CE26259CF8007F0DCC /* TestStringCrashVC.m */ = {isa = PBXFileReference; lastKnownFileType = sourcecode.c.objc; path = TestStringCrashVC.m; sourceTree = "<group>"; };
		D09237382615A89A0094B18F /* CrashObject.h */ = {isa = PBXFileReference; lastKnownFileType = sourcecode.c.h; path = CrashObject.h; sourceTree = "<group>"; };
		D09237392615A89A0094B18F /* CrashObject.m */ = {isa = PBXFileReference; lastKnownFileType = sourcecode.c.objc; path = CrashObject.m; sourceTree = "<group>"; };
		D092374D2615C9D40094B18F /* MOPerson.h */ = {isa = PBXFileReference; lastKnownFileType = sourcecode.c.h; path = MOPerson.h; sourceTree = "<group>"; };
		D092374E2615C9D40094B18F /* MOPerson.m */ = {isa = PBXFileReference; lastKnownFileType = sourcecode.c.objc; path = MOPerson.m; sourceTree = "<group>"; };
		D092375F2616C1700094B18F /* TestTimerCrashVC.h */ = {isa = PBXFileReference; lastKnownFileType = sourcecode.c.h; path = TestTimerCrashVC.h; sourceTree = "<group>"; };
		D09237602616C1700094B18F /* TestTimerCrashVC.m */ = {isa = PBXFileReference; lastKnownFileType = sourcecode.c.objc; path = TestTimerCrashVC.m; sourceTree = "<group>"; };
		D092376A2616FE480094B18F /* TestKVOCrashVC.h */ = {isa = PBXFileReference; lastKnownFileType = sourcecode.c.h; path = TestKVOCrashVC.h; sourceTree = "<group>"; };
		D092376B2616FE480094B18F /* TestKVOCrashVC.m */ = {isa = PBXFileReference; lastKnownFileType = sourcecode.c.objc; path = TestKVOCrashVC.m; sourceTree = "<group>"; };
		D09237722617014B0094B18F /* TestKVCCrashVC.h */ = {isa = PBXFileReference; lastKnownFileType = sourcecode.c.h; path = TestKVCCrashVC.h; sourceTree = "<group>"; };
		D09237732617014B0094B18F /* TestKVCCrashVC.m */ = {isa = PBXFileReference; lastKnownFileType = sourcecode.c.objc; path = TestKVCCrashVC.m; sourceTree = "<group>"; };
		D092377A26170CCD0094B18F /* TestUnrecognizedSelVC.h */ = {isa = PBXFileReference; lastKnownFileType = sourcecode.c.h; path = TestUnrecognizedSelVC.h; sourceTree = "<group>"; };
		D092377B26170CCD0094B18F /* TestUnrecognizedSelVC.m */ = {isa = PBXFileReference; lastKnownFileType = sourcecode.c.objc; path = TestUnrecognizedSelVC.m; sourceTree = "<group>"; };
		D09237F8261713F90094B18F /* TestContainerCrashVC.h */ = {isa = PBXFileReference; lastKnownFileType = sourcecode.c.h; path = TestContainerCrashVC.h; sourceTree = "<group>"; };
		D09237F9261713F90094B18F /* TestContainerCrashVC.m */ = {isa = PBXFileReference; lastKnownFileType = sourcecode.c.objc; path = TestContainerCrashVC.m; sourceTree = "<group>"; };
		D09237FF2617166E0094B18F /* TestDictionaryCrashVC.h */ = {isa = PBXFileReference; lastKnownFileType = sourcecode.c.h; path = TestDictionaryCrashVC.h; sourceTree = "<group>"; };
		D09238002617166E0094B18F /* TestDictionaryCrashVC.m */ = {isa = PBXFileReference; lastKnownFileType = sourcecode.c.objc; path = TestDictionaryCrashVC.m; sourceTree = "<group>"; };
		D1B090E95C700B2A3C1C2F18 /* Pods-CrashKiller_Tests.debug.xcconfig */ = {isa = PBXFileReference; includeInIndex = 1; lastKnownFileType = text.xcconfig; name = "Pods-CrashKiller_Tests.debug.xcconfig"; path = "Target Support Files/Pods-CrashKiller_Tests/Pods-CrashKiller_Tests.debug.xcconfig"; sourceTree = "<group>"; };
		DB024CCE0DDD6A4B6A8E8DD8 /* Pods-CrashKiller_Tests.release.xcconfig */ = {isa = PBXFileReference; includeInIndex = 1; lastKnownFileType = text.xcconfig; name = "Pods-CrashKiller_Tests.release.xcconfig"; path = "Target Support Files/Pods-CrashKiller_Tests/Pods-CrashKiller_Tests.release.xcconfig"; sourceTree = "<group>"; };
		FBC4829D18C08BCD2967C17B /* CrashKiller.podspec */ = {isa = PBXFileReference; includeInIndex = 1; lastKnownFileType = text; name = CrashKiller.podspec; path = ../CrashKiller.podspec; sourceTree = "<group>"; };
/* End PBXFileReference section */

/* Begin PBXFrameworksBuildPhase section */
		6003F587195388D20070C39A /* Frameworks */ = {
			isa = PBXFrameworksBuildPhase;
			buildActionMask = 2147483647;
			files = (
				6003F590195388D20070C39A /* CoreGraphics.framework in Frameworks */,
				6003F592195388D20070C39A /* UIKit.framework in Frameworks */,
				6003F58E195388D20070C39A /* Foundation.framework in Frameworks */,
				4A98E7862F9D63C7AF3194B7 /* Pods_CrashKiller_Example.framework in Frameworks */,
			);
			runOnlyForDeploymentPostprocessing = 0;
		};
		6003F5AB195388D20070C39A /* Frameworks */ = {
			isa = PBXFrameworksBuildPhase;
			buildActionMask = 2147483647;
			files = (
				6003F5B0195388D20070C39A /* XCTest.framework in Frameworks */,
				6003F5B2195388D20070C39A /* UIKit.framework in Frameworks */,
				6003F5B1195388D20070C39A /* Foundation.framework in Frameworks */,
				8E0EFC858E1664A90EFDB88D /* Pods_CrashKiller_Tests.framework in Frameworks */,
			);
			runOnlyForDeploymentPostprocessing = 0;
		};
/* End PBXFrameworksBuildPhase section */

/* Begin PBXGroup section */
		6003F581195388D10070C39A = {
			isa = PBXGroup;
			children = (
				60FF7A9C1954A5C5007DD14C /* Podspec Metadata */,
				6003F593195388D20070C39A /* Example for CrashKiller */,
				6003F5B5195388D20070C39A /* Tests */,
				6003F58C195388D20070C39A /* Frameworks */,
				6003F58B195388D20070C39A /* Products */,
				D2ACC2918C00A72E26A7DEB6 /* Pods */,
			);
			sourceTree = "<group>";
		};
		6003F58B195388D20070C39A /* Products */ = {
			isa = PBXGroup;
			children = (
				6003F58A195388D20070C39A /* CrashKiller_Example.app */,
				6003F5AE195388D20070C39A /* CrashKiller_Tests.xctest */,
			);
			name = Products;
			sourceTree = "<group>";
		};
		6003F58C195388D20070C39A /* Frameworks */ = {
			isa = PBXGroup;
			children = (
				6003F58D195388D20070C39A /* Foundation.framework */,
				6003F58F195388D20070C39A /* CoreGraphics.framework */,
				6003F591195388D20070C39A /* UIKit.framework */,
				6003F5AF195388D20070C39A /* XCTest.framework */,
				088063F87C696E1B4C7F2350 /* Pods_CrashKiller_Example.framework */,
				986547F29C1E09F8F4475AAE /* Pods_CrashKiller_Tests.framework */,
			);
			name = Frameworks;
			sourceTree = "<group>";
		};
		6003F593195388D20070C39A /* Example for CrashKiller */ = {
			isa = PBXGroup;
			children = (
				6003F59C195388D20070C39A /* KILLAppDelegate.h */,
				6003F59D195388D20070C39A /* KILLAppDelegate.m */,
				873B8AEA1B1F5CCA007FD442 /* Main.storyboard */,
				6003F5A5195388D20070C39A /* KILLViewController.h */,
				6003F5A6195388D20070C39A /* KILLViewController.m */,
				D09237382615A89A0094B18F /* CrashObject.h */,
				D09237392615A89A0094B18F /* CrashObject.m */,
				D092374D2615C9D40094B18F /* MOPerson.h */,
				D092374E2615C9D40094B18F /* MOPerson.m */,
				D09237F7261713CE0094B18F /* Container */,
				D092377926170CB40094B18F /* Unrecognized Selector */,
				D09237712617013F0094B18F /* KVC */,
				D09237692616FE340094B18F /* KVO */,
				D092375E2616C13E0094B18F /* Timer */,
				71719F9D1E33DC2100824A3D /* LaunchScreen.storyboard */,
				6003F5A8195388D20070C39A /* Images.xcassets */,
				6003F594195388D20070C39A /* Supporting Files */,
			);
			name = "Example for CrashKiller";
			path = CrashKiller;
			sourceTree = "<group>";
		};
		6003F594195388D20070C39A /* Supporting Files */ = {
			isa = PBXGroup;
			children = (
				6003F595195388D20070C39A /* CrashKiller-Info.plist */,
				6003F596195388D20070C39A /* InfoPlist.strings */,
				6003F599195388D20070C39A /* main.m */,
				6003F59B195388D20070C39A /* CrashKiller-Prefix.pch */,
			);
			name = "Supporting Files";
			sourceTree = "<group>";
		};
		6003F5B5195388D20070C39A /* Tests */ = {
			isa = PBXGroup;
			children = (
				6003F5BB195388D20070C39A /* Tests.m */,
				6003F5B6195388D20070C39A /* Supporting Files */,
			);
			path = Tests;
			sourceTree = "<group>";
		};
		6003F5B6195388D20070C39A /* Supporting Files */ = {
			isa = PBXGroup;
			children = (
				6003F5B7195388D20070C39A /* Tests-Info.plist */,
				6003F5B8195388D20070C39A /* InfoPlist.strings */,
				606FC2411953D9B200FFA9A0 /* Tests-Prefix.pch */,
			);
			name = "Supporting Files";
			sourceTree = "<group>";
		};
		60FF7A9C1954A5C5007DD14C /* Podspec Metadata */ = {
			isa = PBXGroup;
			children = (
				FBC4829D18C08BCD2967C17B /* CrashKiller.podspec */,
				60E8DDC6EBCEE0B5FBCCC75F /* README.md */,
				BBB326CC56B3473D91FA9454 /* LICENSE */,
			);
			name = "Podspec Metadata";
			sourceTree = "<group>";
		};
		D092375E2616C13E0094B18F /* Timer */ = {
			isa = PBXGroup;
			children = (
				D092375F2616C1700094B18F /* TestTimerCrashVC.h */,
				D09237602616C1700094B18F /* TestTimerCrashVC.m */,
			);
			name = Timer;
			sourceTree = "<group>";
		};
		D09237692616FE340094B18F /* KVO */ = {
			isa = PBXGroup;
			children = (
				D092376A2616FE480094B18F /* TestKVOCrashVC.h */,
				D092376B2616FE480094B18F /* TestKVOCrashVC.m */,
			);
			name = KVO;
			sourceTree = "<group>";
		};
		D09237712617013F0094B18F /* KVC */ = {
			isa = PBXGroup;
			children = (
				D09237722617014B0094B18F /* TestKVCCrashVC.h */,
				D09237732617014B0094B18F /* TestKVCCrashVC.m */,
			);
			name = KVC;
			sourceTree = "<group>";
		};
		D092377926170CB40094B18F /* Unrecognized Selector */ = {
			isa = PBXGroup;
			children = (
				D092377A26170CCD0094B18F /* TestUnrecognizedSelVC.h */,
				D092377B26170CCD0094B18F /* TestUnrecognizedSelVC.m */,
			);
			name = "Unrecognized Selector";
			sourceTree = "<group>";
		};
		D09237F7261713CE0094B18F /* Container */ = {
			isa = PBXGroup;
			children = (
				D09237F8261713F90094B18F /* TestContainerCrashVC.h */,
				D09237F9261713F90094B18F /* TestContainerCrashVC.m */,
				D09237FF2617166E0094B18F /* TestDictionaryCrashVC.h */,
				D09238002617166E0094B18F /* TestDictionaryCrashVC.m */,
				D06483C22625413B007F0DCC /* TestArrayCrashVC.h */,
				D06483C32625413B007F0DCC /* TestArrayCrashVC.m */,
				D06483CD26259CF8007F0DCC /* TestStringCrashVC.h */,
				D06483CE26259CF8007F0DCC /* TestStringCrashVC.m */,
			);
			name = Container;
			sourceTree = "<group>";
		};
		D2ACC2918C00A72E26A7DEB6 /* Pods */ = {
			isa = PBXGroup;
			children = (
				BF7C78F9904A5C78D546AA07 /* Pods-CrashKiller_Example.debug.xcconfig */,
				B51432B38FFF2B475D8792C7 /* Pods-CrashKiller_Example.release.xcconfig */,
				D1B090E95C700B2A3C1C2F18 /* Pods-CrashKiller_Tests.debug.xcconfig */,
				DB024CCE0DDD6A4B6A8E8DD8 /* Pods-CrashKiller_Tests.release.xcconfig */,
			);
			path = Pods;
			sourceTree = "<group>";
		};
/* End PBXGroup section */

/* Begin PBXNativeTarget section */
		6003F589195388D20070C39A /* CrashKiller_Example */ = {
			isa = PBXNativeTarget;
			buildConfigurationList = 6003F5BF195388D20070C39A /* Build configuration list for PBXNativeTarget "CrashKiller_Example" */;
			buildPhases = (
				255934F41610A9461BC50A5B /* [CP] Check Pods Manifest.lock */,
				6003F586195388D20070C39A /* Sources */,
				6003F587195388D20070C39A /* Frameworks */,
				6003F588195388D20070C39A /* Resources */,
				F4EE5B9E1B1B3731A2CACC1A /* [CP] Embed Pods Frameworks */,
			);
			buildRules = (
			);
			dependencies = (
			);
			name = CrashKiller_Example;
			productName = CrashKiller;
			productReference = 6003F58A195388D20070C39A /* CrashKiller_Example.app */;
			productType = "com.apple.product-type.application";
		};
		6003F5AD195388D20070C39A /* CrashKiller_Tests */ = {
			isa = PBXNativeTarget;
			buildConfigurationList = 6003F5C2195388D20070C39A /* Build configuration list for PBXNativeTarget "CrashKiller_Tests" */;
			buildPhases = (
				9DE3A4E901986F9FAED7F715 /* [CP] Check Pods Manifest.lock */,
				6003F5AA195388D20070C39A /* Sources */,
				6003F5AB195388D20070C39A /* Frameworks */,
				6003F5AC195388D20070C39A /* Resources */,
			);
			buildRules = (
			);
			dependencies = (
				6003F5B4195388D20070C39A /* PBXTargetDependency */,
			);
			name = CrashKiller_Tests;
			productName = CrashKillerTests;
			productReference = 6003F5AE195388D20070C39A /* CrashKiller_Tests.xctest */;
			productType = "com.apple.product-type.bundle.unit-test";
		};
/* End PBXNativeTarget section */

/* Begin PBXProject section */
		6003F582195388D10070C39A /* Project object */ = {
			isa = PBXProject;
			attributes = {
				CLASSPREFIX = KILL;
				LastUpgradeCheck = 0720;
				ORGANIZATIONNAME = fengyang0329;
				TargetAttributes = {
					6003F5AD195388D20070C39A = {
						TestTargetID = 6003F589195388D20070C39A;
					};
				};
			};
			buildConfigurationList = 6003F585195388D10070C39A /* Build configuration list for PBXProject "CrashKiller" */;
			compatibilityVersion = "Xcode 3.2";
			developmentRegion = English;
			hasScannedForEncodings = 0;
			knownRegions = (
				English,
				en,
				Base,
			);
			mainGroup = 6003F581195388D10070C39A;
			productRefGroup = 6003F58B195388D20070C39A /* Products */;
			projectDirPath = "";
			projectRoot = "";
			targets = (
				6003F589195388D20070C39A /* CrashKiller_Example */,
				6003F5AD195388D20070C39A /* CrashKiller_Tests */,
			);
		};
/* End PBXProject section */

/* Begin PBXResourcesBuildPhase section */
		6003F588195388D20070C39A /* Resources */ = {
			isa = PBXResourcesBuildPhase;
			buildActionMask = 2147483647;
			files = (
				873B8AEB1B1F5CCA007FD442 /* Main.storyboard in Resources */,
				71719F9F1E33DC2100824A3D /* LaunchScreen.storyboard in Resources */,
				6003F5A9195388D20070C39A /* Images.xcassets in Resources */,
				6003F598195388D20070C39A /* InfoPlist.strings in Resources */,
			);
			runOnlyForDeploymentPostprocessing = 0;
		};
		6003F5AC195388D20070C39A /* Resources */ = {
			isa = PBXResourcesBuildPhase;
			buildActionMask = 2147483647;
			files = (
				6003F5BA195388D20070C39A /* InfoPlist.strings in Resources */,
			);
			runOnlyForDeploymentPostprocessing = 0;
		};
/* End PBXResourcesBuildPhase section */

/* Begin PBXShellScriptBuildPhase section */
		255934F41610A9461BC50A5B /* [CP] Check Pods Manifest.lock */ = {
			isa = PBXShellScriptBuildPhase;
			buildActionMask = 2147483647;
			files = (
			);
			inputFileListPaths = (
			);
			inputPaths = (
				"${PODS_PODFILE_DIR_PATH}/Podfile.lock",
				"${PODS_ROOT}/Manifest.lock",
			);
			name = "[CP] Check Pods Manifest.lock";
			outputFileListPaths = (
			);
			outputPaths = (
				"$(DERIVED_FILE_DIR)/Pods-CrashKiller_Example-checkManifestLockResult.txt",
			);
			runOnlyForDeploymentPostprocessing = 0;
			shellPath = /bin/sh;
			shellScript = "diff \"${PODS_PODFILE_DIR_PATH}/Podfile.lock\" \"${PODS_ROOT}/Manifest.lock\" > /dev/null\nif [ $? != 0 ] ; then\n    # print error to STDERR\n    echo \"error: The sandbox is not in sync with the Podfile.lock. Run 'pod install' or update your CocoaPods installation.\" >&2\n    exit 1\nfi\n# This output is used by Xcode 'outputs' to avoid re-running this script phase.\necho \"SUCCESS\" > \"${SCRIPT_OUTPUT_FILE_0}\"\n";
			showEnvVarsInLog = 0;
		};
		9DE3A4E901986F9FAED7F715 /* [CP] Check Pods Manifest.lock */ = {
			isa = PBXShellScriptBuildPhase;
			buildActionMask = 2147483647;
			files = (
			);
			inputFileListPaths = (
			);
			inputPaths = (
				"${PODS_PODFILE_DIR_PATH}/Podfile.lock",
				"${PODS_ROOT}/Manifest.lock",
			);
			name = "[CP] Check Pods Manifest.lock";
			outputFileListPaths = (
			);
			outputPaths = (
				"$(DERIVED_FILE_DIR)/Pods-CrashKiller_Tests-checkManifestLockResult.txt",
			);
			runOnlyForDeploymentPostprocessing = 0;
			shellPath = /bin/sh;
			shellScript = "diff \"${PODS_PODFILE_DIR_PATH}/Podfile.lock\" \"${PODS_ROOT}/Manifest.lock\" > /dev/null\nif [ $? != 0 ] ; then\n    # print error to STDERR\n    echo \"error: The sandbox is not in sync with the Podfile.lock. Run 'pod install' or update your CocoaPods installation.\" >&2\n    exit 1\nfi\n# This output is used by Xcode 'outputs' to avoid re-running this script phase.\necho \"SUCCESS\" > \"${SCRIPT_OUTPUT_FILE_0}\"\n";
			showEnvVarsInLog = 0;
		};
		F4EE5B9E1B1B3731A2CACC1A /* [CP] Embed Pods Frameworks */ = {
			isa = PBXShellScriptBuildPhase;
			buildActionMask = 2147483647;
			files = (
			);
			inputPaths = (
				"${PODS_ROOT}/Target Support Files/Pods-CrashKiller_Example/Pods-CrashKiller_Example-frameworks.sh",
				"${BUILT_PRODUCTS_DIR}/CrashKiller/CrashKiller.framework",
			);
			name = "[CP] Embed Pods Frameworks";
			outputPaths = (
				"${TARGET_BUILD_DIR}/${FRAMEWORKS_FOLDER_PATH}/CrashKiller.framework",
			);
			runOnlyForDeploymentPostprocessing = 0;
			shellPath = /bin/sh;
			shellScript = "\"${PODS_ROOT}/Target Support Files/Pods-CrashKiller_Example/Pods-CrashKiller_Example-frameworks.sh\"\n";
			showEnvVarsInLog = 0;
		};
/* End PBXShellScriptBuildPhase section */

/* Begin PBXSourcesBuildPhase section */
		6003F586195388D20070C39A /* Sources */ = {
			isa = PBXSourcesBuildPhase;
			buildActionMask = 2147483647;
			files = (
				D092373A2615A89A0094B18F /* CrashObject.m in Sources */,
				D09237742617014B0094B18F /* TestKVCCrashVC.m in Sources */,
				D092374F2615C9D40094B18F /* MOPerson.m in Sources */,
				D092376C2616FE480094B18F /* TestKVOCrashVC.m in Sources */,
				D09237612616C1700094B18F /* TestTimerCrashVC.m in Sources */,
				6003F59E195388D20070C39A /* KILLAppDelegate.m in Sources */,
				D06483CF26259CF8007F0DCC /* TestStringCrashVC.m in Sources */,
				D06483C42625413B007F0DCC /* TestArrayCrashVC.m in Sources */,
				D09238012617166E0094B18F /* TestDictionaryCrashVC.m in Sources */,
				6003F5A7195388D20070C39A /* KILLViewController.m in Sources */,
				6003F59A195388D20070C39A /* main.m in Sources */,
				D09237FA261713F90094B18F /* TestContainerCrashVC.m in Sources */,
				D092377C26170CCD0094B18F /* TestUnrecognizedSelVC.m in Sources */,
			);
			runOnlyForDeploymentPostprocessing = 0;
		};
		6003F5AA195388D20070C39A /* Sources */ = {
			isa = PBXSourcesBuildPhase;
			buildActionMask = 2147483647;
			files = (
				6003F5BC195388D20070C39A /* Tests.m in Sources */,
			);
			runOnlyForDeploymentPostprocessing = 0;
		};
/* End PBXSourcesBuildPhase section */

/* Begin PBXTargetDependency section */
		6003F5B4195388D20070C39A /* PBXTargetDependency */ = {
			isa = PBXTargetDependency;
			target = 6003F589195388D20070C39A /* CrashKiller_Example */;
			targetProxy = 6003F5B3195388D20070C39A /* PBXContainerItemProxy */;
		};
/* End PBXTargetDependency section */

/* Begin PBXVariantGroup section */
		6003F596195388D20070C39A /* InfoPlist.strings */ = {
			isa = PBXVariantGroup;
			children = (
				6003F597195388D20070C39A /* en */,
			);
			name = InfoPlist.strings;
			sourceTree = "<group>";
		};
		6003F5B8195388D20070C39A /* InfoPlist.strings */ = {
			isa = PBXVariantGroup;
			children = (
				6003F5B9195388D20070C39A /* en */,
			);
			name = InfoPlist.strings;
			sourceTree = "<group>";
		};
		71719F9D1E33DC2100824A3D /* LaunchScreen.storyboard */ = {
			isa = PBXVariantGroup;
			children = (
				71719F9E1E33DC2100824A3D /* Base */,
			);
			name = LaunchScreen.storyboard;
			sourceTree = "<group>";
		};
/* End PBXVariantGroup section */

/* Begin XCBuildConfiguration section */
		6003F5BD195388D20070C39A /* Debug */ = {
			isa = XCBuildConfiguration;
			buildSettings = {
				ALWAYS_SEARCH_USER_PATHS = NO;
				CLANG_CXX_LANGUAGE_STANDARD = "gnu++0x";
				CLANG_CXX_LIBRARY = "libc++";
				CLANG_ENABLE_MODULES = YES;
				CLANG_ENABLE_OBJC_ARC = YES;
				CLANG_WARN_BOOL_CONVERSION = YES;
				CLANG_WARN_CONSTANT_CONVERSION = YES;
				CLANG_WARN_DIRECT_OBJC_ISA_USAGE = YES_ERROR;
				CLANG_WARN_EMPTY_BODY = YES;
				CLANG_WARN_ENUM_CONVERSION = YES;
				CLANG_WARN_INT_CONVERSION = YES;
				CLANG_WARN_OBJC_ROOT_CLASS = YES_ERROR;
				CLANG_WARN__DUPLICATE_METHOD_MATCH = YES;
				"CODE_SIGN_IDENTITY[sdk=iphoneos*]" = "iPhone Developer";
				COPY_PHASE_STRIP = NO;
				ENABLE_TESTABILITY = YES;
				GCC_C_LANGUAGE_STANDARD = gnu99;
				GCC_DYNAMIC_NO_PIC = NO;
				GCC_OPTIMIZATION_LEVEL = 0;
				GCC_PREPROCESSOR_DEFINITIONS = (
					"DEBUG=1",
					"$(inherited)",
				);
				GCC_SYMBOLS_PRIVATE_EXTERN = NO;
				GCC_WARN_64_TO_32_BIT_CONVERSION = YES;
				GCC_WARN_ABOUT_RETURN_TYPE = YES_ERROR;
				GCC_WARN_UNDECLARED_SELECTOR = YES;
				GCC_WARN_UNINITIALIZED_AUTOS = YES_AGGRESSIVE;
				GCC_WARN_UNUSED_FUNCTION = YES;
				GCC_WARN_UNUSED_VARIABLE = YES;
				IPHONEOS_DEPLOYMENT_TARGET = 9.3;
				ONLY_ACTIVE_ARCH = YES;
				SDKROOT = iphoneos;
				TARGETED_DEVICE_FAMILY = "1,2";
			};
			name = Debug;
		};
		6003F5BE195388D20070C39A /* Release */ = {
			isa = XCBuildConfiguration;
			buildSettings = {
				ALWAYS_SEARCH_USER_PATHS = NO;
				CLANG_CXX_LANGUAGE_STANDARD = "gnu++0x";
				CLANG_CXX_LIBRARY = "libc++";
				CLANG_ENABLE_MODULES = YES;
				CLANG_ENABLE_OBJC_ARC = YES;
				CLANG_WARN_BOOL_CONVERSION = YES;
				CLANG_WARN_CONSTANT_CONVERSION = YES;
				CLANG_WARN_DIRECT_OBJC_ISA_USAGE = YES_ERROR;
				CLANG_WARN_EMPTY_BODY = YES;
				CLANG_WARN_ENUM_CONVERSION = YES;
				CLANG_WARN_INT_CONVERSION = YES;
				CLANG_WARN_OBJC_ROOT_CLASS = YES_ERROR;
				CLANG_WARN__DUPLICATE_METHOD_MATCH = YES;
				"CODE_SIGN_IDENTITY[sdk=iphoneos*]" = "iPhone Developer";
				COPY_PHASE_STRIP = YES;
				ENABLE_NS_ASSERTIONS = NO;
				GCC_C_LANGUAGE_STANDARD = gnu99;
				GCC_WARN_64_TO_32_BIT_CONVERSION = YES;
				GCC_WARN_ABOUT_RETURN_TYPE = YES_ERROR;
				GCC_WARN_UNDECLARED_SELECTOR = YES;
				GCC_WARN_UNINITIALIZED_AUTOS = YES_AGGRESSIVE;
				GCC_WARN_UNUSED_FUNCTION = YES;
				GCC_WARN_UNUSED_VARIABLE = YES;
				IPHONEOS_DEPLOYMENT_TARGET = 9.3;
				SDKROOT = iphoneos;
				TARGETED_DEVICE_FAMILY = "1,2";
				VALIDATE_PRODUCT = YES;
			};
			name = Release;
		};
		6003F5C0195388D20070C39A /* Debug */ = {
			isa = XCBuildConfiguration;
			baseConfigurationReference = BF7C78F9904A5C78D546AA07 /* Pods-CrashKiller_Example.debug.xcconfig */;
			buildSettings = {
				ASSETCATALOG_COMPILER_APPICON_NAME = AppIcon;
				GCC_PRECOMPILE_PREFIX_HEADER = YES;
				GCC_PREFIX_HEADER = "CrashKiller/CrashKiller-Prefix.pch";
				INFOPLIST_FILE = "CrashKiller/CrashKiller-Info.plist";
				MODULE_NAME = ExampleApp;
				PRODUCT_BUNDLE_IDENTIFIER = "org.cocoapods.demo.${PRODUCT_NAME:rfc1034identifier}";
				PRODUCT_NAME = "$(TARGET_NAME)";
				SWIFT_VERSION = 4.0;
				WRAPPER_EXTENSION = app;
			};
			name = Debug;
		};
		6003F5C1195388D20070C39A /* Release */ = {
			isa = XCBuildConfiguration;
			baseConfigurationReference = B51432B38FFF2B475D8792C7 /* Pods-CrashKiller_Example.release.xcconfig */;
			buildSettings = {
				ASSETCATALOG_COMPILER_APPICON_NAME = AppIcon;
				GCC_PRECOMPILE_PREFIX_HEADER = YES;
				GCC_PREFIX_HEADER = "CrashKiller/CrashKiller-Prefix.pch";
				INFOPLIST_FILE = "CrashKiller/CrashKiller-Info.plist";
				MODULE_NAME = ExampleApp;
				PRODUCT_BUNDLE_IDENTIFIER = "org.cocoapods.demo.${PRODUCT_NAME:rfc1034identifier}";
				PRODUCT_NAME = "$(TARGET_NAME)";
				SWIFT_VERSION = 4.0;
				WRAPPER_EXTENSION = app;
			};
			name = Release;
		};
		6003F5C3195388D20070C39A /* Debug */ = {
			isa = XCBuildConfiguration;
			baseConfigurationReference = D1B090E95C700B2A3C1C2F18 /* Pods-CrashKiller_Tests.debug.xcconfig */;
			buildSettings = {
				BUNDLE_LOADER = "$(TEST_HOST)";
				FRAMEWORK_SEARCH_PATHS = (
					"$(PLATFORM_DIR)/Developer/Library/Frameworks",
					"$(inherited)",
					"$(DEVELOPER_FRAMEWORKS_DIR)",
				);
				GCC_PRECOMPILE_PREFIX_HEADER = YES;
				GCC_PREFIX_HEADER = "Tests/Tests-Prefix.pch";
				GCC_PREPROCESSOR_DEFINITIONS = (
					"DEBUG=1",
					"$(inherited)",
				);
				INFOPLIST_FILE = "Tests/Tests-Info.plist";
				PRODUCT_BUNDLE_IDENTIFIER = "org.cocoapods.demo.${PRODUCT_NAME:rfc1034identifier}";
				PRODUCT_NAME = "$(TARGET_NAME)";
				SWIFT_VERSION = 4.0;
				TEST_HOST = "$(BUILT_PRODUCTS_DIR)/CrashKiller_Example.app/CrashKiller_Example";
				WRAPPER_EXTENSION = xctest;
			};
			name = Debug;
		};
		6003F5C4195388D20070C39A /* Release */ = {
			isa = XCBuildConfiguration;
			baseConfigurationReference = DB024CCE0DDD6A4B6A8E8DD8 /* Pods-CrashKiller_Tests.release.xcconfig */;
			buildSettings = {
				BUNDLE_LOADER = "$(TEST_HOST)";
				FRAMEWORK_SEARCH_PATHS = (
					"$(PLATFORM_DIR)/Developer/Library/Frameworks",
					"$(inherited)",
					"$(DEVELOPER_FRAMEWORKS_DIR)",
				);
				GCC_PRECOMPILE_PREFIX_HEADER = YES;
				GCC_PREFIX_HEADER = "Tests/Tests-Prefix.pch";
				INFOPLIST_FILE = "Tests/Tests-Info.plist";
				PRODUCT_BUNDLE_IDENTIFIER = "org.cocoapods.demo.${PRODUCT_NAME:rfc1034identifier}";
				PRODUCT_NAME = "$(TARGET_NAME)";
				SWIFT_VERSION = 4.0;
				TEST_HOST = "$(BUILT_PRODUCTS_DIR)/CrashKiller_Example.app/CrashKiller_Example";
				WRAPPER_EXTENSION = xctest;
			};
			name = Release;
		};
/* End XCBuildConfiguration section */

/* Begin XCConfigurationList section */
		6003F585195388D10070C39A /* Build configuration list for PBXProject "CrashKiller" */ = {
			isa = XCConfigurationList;
			buildConfigurations = (
				6003F5BD195388D20070C39A /* Debug */,
				6003F5BE195388D20070C39A /* Release */,
			);
			defaultConfigurationIsVisible = 0;
			defaultConfigurationName = Release;
		};
		6003F5BF195388D20070C39A /* Build configuration list for PBXNativeTarget "CrashKiller_Example" */ = {
			isa = XCConfigurationList;
			buildConfigurations = (
				6003F5C0195388D20070C39A /* Debug */,
				6003F5C1195388D20070C39A /* Release */,
			);
			defaultConfigurationIsVisible = 0;
			defaultConfigurationName = Release;
		};
		6003F5C2195388D20070C39A /* Build configuration list for PBXNativeTarget "CrashKiller_Tests" */ = {
			isa = XCConfigurationList;
			buildConfigurations = (
				6003F5C3195388D20070C39A /* Debug */,
				6003F5C4195388D20070C39A /* Release */,
			);
			defaultConfigurationIsVisible = 0;
			defaultConfigurationName = Release;
		};
/* End XCConfigurationList section */
	};
	rootObject = 6003F582195388D10070C39A /* Project object */;
}
